
Microsoft Visual Studio Solution File, Format Version 12.00
# Visual Studio Version 16
VisualStudioVersion = 16.0.29306.81
MinimumVisualStudioVersion = 10.0.40219.1
Project("{8BC9CEB8-8B4A-11D0-8D11-00A0C91BC942}") = "Project2", "Project2\Project2.vcxproj", "{57416765-2221-4E5F-9D88-7B3572ACCB08}"
	ProjectSection(ProjectDependencies) = postProject
		{2D3D0115-32B9-4677-A789-6F664F406F75} = {2D3D0115-32B9-4677-A789-6F664F406F75}
		{75B70322-8ACB-4C4C-B54E-AF62B0EF45C4} = {75B70322-8ACB-4C4C-B54E-AF62B0EF45C4}
		{0024213F-8E85-4C5F-AB17-44E28239F28F} = {0024213F-8E85-4C5F-AB17-44E28239F28F}
		{D637AF9E-9CD6-4D83-B8E6-72B0FE182171} = {D637AF9E-9CD6-4D83-B8E6-72B0FE182171}
		{37AE25AF-31DA-4DF6-9060-9B5566A9C6EC} = {37AE25AF-31DA-4DF6-9060-9B5566A9C6EC}
		{C5A05BB9-98CC-46EE-B500-DE66EB67F79C} = {C5A05BB9-98CC-46EE-B500-DE66EB67F79C}
		{581818F6-BA98-4B9C-98EA-5BB1448029DF} = {581818F6-BA98-4B9C-98EA-5BB1448029DF}
	EndProjectSection
EndProject
Project("{2150E333-8FDC-42A3-9474-1A3956D46DE8}") = "External", "External", "{CD6FAA74-94CE-4BBF-A0C6-68DE04547263}"
EndProject
Project("{2150E333-8FDC-42A3-9474-1A3956D46DE8}") = "Libraries", "Libraries", "{F53C57AB-A2E7-48DB-ACD8-2CCA5D88F5F5}"
EndProject
Project("{8BC9CEB8-8B4A-11D0-8D11-00A0C91BC942}") = "fmod", "External\fmod\fmod.vcxproj", "{37AE25AF-31DA-4DF6-9060-9B5566A9C6EC}"
EndProject
Project("{8BC9CEB8-8B4A-11D0-8D11-00A0C91BC942}") = "gl", "External\gl\gl.vcxproj", "{581818F6-BA98-4B9C-98EA-5BB1448029DF}"
EndProject
Project("{8BC9CEB8-8B4A-11D0-8D11-00A0C91BC942}") = "glm", "External\glm\glm.vcxproj", "{D637AF9E-9CD6-4D83-B8E6-72B0FE182171}"
EndProject
Project("{8BC9CEB8-8B4A-11D0-8D11-00A0C91BC942}") = "gtest", "External\gtest\gtest.vcxproj", "{B48C41B4-800B-47A5-9C95-61AE528176CC}"
EndProject
Project("{8BC9CEB8-8B4A-11D0-8D11-00A0C91BC942}") = "rapidxml", "External\rapidxml\rapidxml.vcxproj", "{75B70322-8ACB-4C4C-B54E-AF62B0EF45C4}"
EndProject
Project("{8BC9CEB8-8B4A-11D0-8D11-00A0C91BC942}") = "Audio_Engine", "Libraries\AudioEngine\AudioEngine.vcxproj", "{2D3D0115-32B9-4677-A789-6F664F406F75}"
	ProjectSection(ProjectDependencies) = postProject
		{37AE25AF-31DA-4DF6-9060-9B5566A9C6EC} = {37AE25AF-31DA-4DF6-9060-9B5566A9C6EC}
	EndProjectSection
EndProject
Project("{8BC9CEB8-8B4A-11D0-8D11-00A0C91BC942}") = "engine", "Libraries\engine\engine.vcxproj", "{C5A05BB9-98CC-46EE-B500-DE66EB67F79C}"
EndProject
Project("{8BC9CEB8-8B4A-11D0-8D11-00A0C91BC942}") = "gl_OpenGL", "Libraries\gl_OpenGL\gl_OpenGL.vcxproj", "{D9065192-C0AA-48E7-8EEE-AB6A0E4100CA}"
EndProject
Project("{8BC9CEB8-8B4A-11D0-8D11-00A0C91BC942}") = "Managers", "Libraries\Managers\Managers.vcxproj", "{0024213F-8E85-4C5F-AB17-44E28239F28F}"
	ProjectSection(ProjectDependencies) = postProject
		{D637AF9E-9CD6-4D83-B8E6-72B0FE182171} = {D637AF9E-9CD6-4D83-B8E6-72B0FE182171}
		{37AE25AF-31DA-4DF6-9060-9B5566A9C6EC} = {37AE25AF-31DA-4DF6-9060-9B5566A9C6EC}
		{581818F6-BA98-4B9C-98EA-5BB1448029DF} = {581818F6-BA98-4B9C-98EA-5BB1448029DF}
	EndProjectSection
EndProject
Global
	GlobalSection(SolutionConfigurationPlatforms) = preSolution
		Debug|x64 = Debug|x64
		Debug|x86 = Debug|x86
		Release|x64 = Release|x64
		Release|x86 = Release|x86
	EndGlobalSection
	GlobalSection(ProjectConfigurationPlatforms) = postSolution
		{57416765-2221-4E5F-9D88-7B3572ACCB08}.Debug|x64.ActiveCfg = Debug|x64
		{57416765-2221-4E5F-9D88-7B3572ACCB08}.Debug|x64.Build.0 = Debug|x64
		{57416765-2221-4E5F-9D88-7B3572ACCB08}.Debug|x86.ActiveCfg = Debug|Win32
		{57416765-2221-4E5F-9D88-7B3572ACCB08}.Debug|x86.Build.0 = Debug|Win32
		{57416765-2221-4E5F-9D88-7B3572ACCB08}.Release|x64.ActiveCfg = Release|x64
		{57416765-2221-4E5F-9D88-7B3572ACCB08}.Release|x64.Build.0 = Release|x64
		{57416765-2221-4E5F-9D88-7B3572ACCB08}.Release|x86.ActiveCfg = Release|Win32
		{57416765-2221-4E5F-9D88-7B3572ACCB08}.Release|x86.Build.0 = Release|Win32
		{37AE25AF-31DA-4DF6-9060-9B5566A9C6EC}.Debug|x64.ActiveCfg = Debug|x64
		{37AE25AF-31DA-4DF6-9060-9B5566A9C6EC}.Debug|x64.Build.0 = Debug|x64
		{37AE25AF-31DA-4DF6-9060-9B5566A9C6EC}.Debug|x86.ActiveCfg = Debug|Win32
		{37AE25AF-31DA-4DF6-9060-9B5566A9C6EC}.Debug|x86.Build.0 = Debug|Win32
		{37AE25AF-31DA-4DF6-9060-9B5566A9C6EC}.Release|x64.ActiveCfg = Release|x64
		{37AE25AF-31DA-4DF6-9060-9B5566A9C6EC}.Release|x64.Build.0 = Release|x64
		{37AE25AF-31DA-4DF6-9060-9B5566A9C6EC}.Release|x86.ActiveCfg = Release|Win32
		{37AE25AF-31DA-4DF6-9060-9B5566A9C6EC}.Release|x86.Build.0 = Release|Win32
		{581818F6-BA98-4B9C-98EA-5BB1448029DF}.Debug|x64.ActiveCfg = Debug|x64
		{581818F6-BA98-4B9C-98EA-5BB1448029DF}.Debug|x64.Build.0 = Debug|x64
		{581818F6-BA98-4B9C-98EA-5BB1448029DF}.Debug|x86.ActiveCfg = Debug|Win32
		{581818F6-BA98-4B9C-98EA-5BB1448029DF}.Debug|x86.Build.0 = Debug|Win32
		{581818F6-BA98-4B9C-98EA-5BB1448029DF}.Release|x64.ActiveCfg = Release|x64
		{581818F6-BA98-4B9C-98EA-5BB1448029DF}.Release|x64.Build.0 = Release|x64
		{581818F6-BA98-4B9C-98EA-5BB1448029DF}.Release|x86.ActiveCfg = Release|Win32
		{581818F6-BA98-4B9C-98EA-5BB1448029DF}.Release|x86.Build.0 = Release|Win32
		{D637AF9E-9CD6-4D83-B8E6-72B0FE182171}.Debug|x64.ActiveCfg = Debug|x64
		{D637AF9E-9CD6-4D83-B8E6-72B0FE182171}.Debug|x64.Build.0 = Debug|x64
		{D637AF9E-9CD6-4D83-B8E6-72B0FE182171}.Debug|x86.ActiveCfg = Debug|Win32
		{D637AF9E-9CD6-4D83-B8E6-72B0FE182171}.Debug|x86.Build.0 = Debug|Win32
		{D637AF9E-9CD6-4D83-B8E6-72B0FE182171}.Release|x64.ActiveCfg = Release|x64
		{D637AF9E-9CD6-4D83-B8E6-72B0FE182171}.Release|x64.Build.0 = Release|x64
		{D637AF9E-9CD6-4D83-B8E6-72B0FE182171}.Release|x86.ActiveCfg = Release|Win32
		{D637AF9E-9CD6-4D83-B8E6-72B0FE182171}.Release|x86.Build.0 = Release|Win32
		{B48C41B4-800B-47A5-9C95-61AE528176CC}.Debug|x64.ActiveCfg = Debug|x64
		{B48C41B4-800B-47A5-9C95-61AE528176CC}.Debug|x64.Build.0 = Debug|x64
		{B48C41B4-800B-47A5-9C95-61AE528176CC}.Debug|x86.ActiveCfg = Debug|Win32
		{B48C41B4-800B-47A5-9C95-61AE528176CC}.Debug|x86.Build.0 = Debug|Win32
		{B48C41B4-800B-47A5-9C95-61AE528176CC}.Release|x64.ActiveCfg = Release|x64
		{B48C41B4-800B-47A5-9C95-61AE528176CC}.Release|x64.Build.0 = Release|x64
		{B48C41B4-800B-47A5-9C95-61AE528176CC}.Release|x86.ActiveCfg = Release|Win32
		{B48C41B4-800B-47A5-9C95-61AE528176CC}.Release|x86.Build.0 = Release|Win32
		{75B70322-8ACB-4C4C-B54E-AF62B0EF45C4}.Debug|x64.ActiveCfg = Debug|x64
		{75B70322-8ACB-4C4C-B54E-AF62B0EF45C4}.Debug|x64.Build.0 = Debug|x64
		{75B70322-8ACB-4C4C-B54E-AF62B0EF45C4}.Debug|x86.ActiveCfg = Debug|Win32
		{75B70322-8ACB-4C4C-B54E-AF62B0EF45C4}.Debug|x86.Build.0 = Debug|Win32
		{75B70322-8ACB-4C4C-B54E-AF62B0EF45C4}.Release|x64.ActiveCfg = Release|x64
		{75B70322-8ACB-4C4C-B54E-AF62B0EF45C4}.Release|x64.Build.0 = Release|x64
		{75B70322-8ACB-4C4C-B54E-AF62B0EF45C4}.Release|x86.ActiveCfg = Release|Win32
		{75B70322-8ACB-4C4C-B54E-AF62B0EF45C4}.Release|x86.Build.0 = Release|Win32
		{2D3D0115-32B9-4677-A789-6F664F406F75}.Debug|x64.ActiveCfg = Debug|x64
		{2D3D0115-32B9-4677-A789-6F664F406F75}.Debug|x64.Build.0 = Debug|x64
		{2D3D0115-32B9-4677-A789-6F664F406F75}.Debug|x86.ActiveCfg = Debug|Win32
		{2D3D0115-32B9-4677-A789-6F664F406F75}.Debug|x86.Build.0 = Debug|Win32
		{2D3D0115-32B9-4677-A789-6F664F406F75}.Release|x64.ActiveCfg = Release|x64
		{2D3D0115-32B9-4677-A789-6F664F406F75}.Release|x64.Build.0 = Release|x64
		{2D3D0115-32B9-4677-A789-6F664F406F75}.Release|x86.ActiveCfg = Release|Win32
		{2D3D0115-32B9-4677-A789-6F664F406F75}.Release|x86.Build.0 = Release|Win32
		{C5A05BB9-98CC-46EE-B500-DE66EB67F79C}.Debug|x64.ActiveCfg = Debug|x64
		{C5A05BB9-98CC-46EE-B500-DE66EB67F79C}.Debug|x64.Build.0 = Debug|x64
		{C5A05BB9-98CC-46EE-B500-DE66EB67F79C}.Debug|x86.ActiveCfg = Debug|Win32
		{C5A05BB9-98CC-46EE-B500-DE66EB67F79C}.Debug|x86.Build.0 = Debug|Win32
		{C5A05BB9-98CC-46EE-B500-DE66EB67F79C}.Release|x64.ActiveCfg = Release|x64
		{C5A05BB9-98CC-46EE-B500-DE66EB67F79C}.Release|x64.Build.0 = Release|x64
		{C5A05BB9-98CC-46EE-B500-DE66EB67F79C}.Release|x86.ActiveCfg = Release|Win32
		{C5A05BB9-98CC-46EE-B500-DE66EB67F79C}.Release|x86.Build.0 = Release|Win32
		{D9065192-C0AA-48E7-8EEE-AB6A0E4100CA}.Debug|x64.ActiveCfg = Debug|x64
		{D9065192-C0AA-48E7-8EEE-AB6A0E4100CA}.Debug|x64.Build.0 = Debug|x64
		{D9065192-C0AA-48E7-8EEE-AB6A0E4100CA}.Debug|x86.ActiveCfg = Debug|Win32
		{D9065192-C0AA-48E7-8EEE-AB6A0E4100CA}.Debug|x86.Build.0 = Debug|Win32
		{D9065192-C0AA-48E7-8EEE-AB6A0E4100CA}.Release|x64.ActiveCfg = Release|x64
		{D9065192-C0AA-48E7-8EEE-AB6A0E4100CA}.Release|x64.Build.0 = Release|x64
		{D9065192-C0AA-48E7-8EEE-AB6A0E4100CA}.Release|x86.ActiveCfg = Release|Win32
		{D9065192-C0AA-48E7-8EEE-AB6A0E4100CA}.Release|x86.Build.0 = Release|Win32
		{0024213F-8E85-4C5F-AB17-44E28239F28F}.Debug|x64.ActiveCfg = Debug|x64
		{0024213F-8E85-4C5F-AB17-44E28239F28F}.Debug|x64.Build.0 = Debug|x64
		{0024213F-8E85-4C5F-AB17-44E28239F28F}.Debug|x86.ActiveCfg = Debug|Win32
		{0024213F-8E85-4C5F-AB17-44E28239F28F}.Debug|x86.Build.0 = Debug|Win32
		{0024213F-8E85-4C5F-AB17-44E28239F28F}.Release|x64.ActiveCfg = Release|x64
		{0024213F-8E85-4C5F-AB17-44E28239F28F}.Release|x64.Build.0 = Release|x64
		{0024213F-8E85-4C5F-AB17-44E28239F28F}.Release|x86.ActiveCfg = Release|Win32
		{0024213F-8E85-4C5F-AB17-44E28239F28F}.Release|x86.Build.0 = Release|Win32
	EndGlobalSection
	GlobalSection(SolutionProperties) = preSolution
		HideSolutionNode = FALSE
	EndGlobalSection
	GlobalSection(NestedProjects) = preSolution
		{37AE25AF-31DA-4DF6-9060-9B5566A9C6EC} = {CD6FAA74-94CE-4BBF-A0C6-68DE04547263}
		{581818F6-BA98-4B9C-98EA-5BB1448029DF} = {CD6FAA74-94CE-4BBF-A0C6-68DE04547263}
		{D637AF9E-9CD6-4D83-B8E6-72B0FE182171} = {CD6FAA74-94CE-4BBF-A0C6-68DE04547263}
		{B48C41B4-800B-47A5-9C95-61AE528176CC} = {CD6FAA74-94CE-4BBF-A0C6-68DE04547263}
		{75B70322-8ACB-4C4C-B54E-AF62B0EF45C4} = {CD6FAA74-94CE-4BBF-A0C6-68DE04547263}
		{2D3D0115-32B9-4677-A789-6F664F406F75} = {F53C57AB-A2E7-48DB-ACD8-2CCA5D88F5F5}
		{C5A05BB9-98CC-46EE-B500-DE66EB67F79C} = {F53C57AB-A2E7-48DB-ACD8-2CCA5D88F5F5}
		{D9065192-C0AA-48E7-8EEE-AB6A0E4100CA} = {F53C57AB-A2E7-48DB-ACD8-2CCA5D88F5F5}
		{0024213F-8E85-4C5F-AB17-44E28239F28F} = {F53C57AB-A2E7-48DB-ACD8-2CCA5D88F5F5}
	EndGlobalSection
	GlobalSection(ExtensibilityGlobals) = postSolution
		SolutionGuid = {A6330758-1870-4FBA-9C88-CE67DD1D12BB}
	EndGlobalSection
EndGlobal
