<?xml version="1.0" encoding="utf-8"?>
<Project ToolsVersion="4.0" xmlns="http://schemas.microsoft.com/developer/msbuild/2003">
  <ItemGroup>
    <Filter Include="Source Files">
      <UniqueIdentifier>{4FC737F1-C7A5-4376-A066-2A32D752A2FF}</UniqueIdentifier>
      <Extensions>cpp;c;cc;cxx;def;odl;idl;hpj;bat;asm;asmx</Extensions>
    </Filter>
    <Filter Include="Header Files">
      <UniqueIdentifier>{93995380-89BD-4b04-88EB-625FBE52EBFB}</UniqueIdentifier>
      <Extensions>h;hh;hpp;hxx;hm;inl;inc;ipp;xsd</Extensions>
    </Filter>
    <Filter Include="Resource Files">
      <UniqueIdentifier>{67DA6AB6-F800-4c08-8B7A-83BB121AAD01}</UniqueIdentifier>
      <Extensions>rc;ico;cur;bmp;dlg;rc2;rct;bin;rgs;gif;jpg;jpeg;jpe;resx;tiff;tif;png;wav;mfcribbon-ms</Extensions>
    </Filter>
    <Filter Include="Assets">
      <UniqueIdentifier>{ea73872f-7c9b-4717-84ec-0e95f89466d2}</UniqueIdentifier>
    </Filter>
    <Filter Include="Assets\shaders">
      <UniqueIdentifier>{48568546-8da3-4b7d-86b9-c50a1a4e5c47}</UniqueIdentifier>
    </Filter>
    <Filter Include="Assets\audios">
      <UniqueIdentifier>{7da66643-2405-4975-830d-f42b066ad34d}</UniqueIdentifier>
    </Filter>
    <Filter Include="Assets\models">
      <UniqueIdentifier>{cfeb9b90-9368-4b18-8851-36985422a68a}</UniqueIdentifier>
    </Filter>
  </ItemGroup>
  <ItemGroup>
    <Xml Include="..\assets\GameLibrary.xml">
      <Filter>Assets</Filter>
    </Xml>
    <Xml Include="output.xml" />
  </ItemGroup>
  <ItemGroup>
    <None Include="..\assets\models\BigFlatTerrain_XYZ_n.ply">
      <Filter>Assets\models</Filter>
    </None>
    <None Include="..\assets\models\bun_zipper_res2_XYZ.ply">
      <Filter>Assets\models</Filter>
    </None>
    <None Include="..\assets\models\bun_zipper_res2_XYZ_n.ply">
      <Filter>Assets\models</Filter>
    </None>
    <None Include="..\assets\models\bun_zipper_res3_XYZ.ply">
      <Filter>Assets\models</Filter>
    </None>
    <None Include="..\assets\models\bun_zipper_res3_XYZ_n.ply">
      <Filter>Assets\models</Filter>
    </None>
    <None Include="..\assets\models\bun_zipper_res4_XYZ.ply">
      <Filter>Assets\models</Filter>
    </None>
    <None Include="..\assets\models\bun_zipper_res4_XYZ_N.ply">
      <Filter>Assets\models</Filter>
    </None>
    <None Include="..\assets\models\bun_zipper_XYZ.ply">
      <Filter>Assets\models</Filter>
    </None>
    <None Include="..\assets\models\bun_zipper_XYZ_n.ply">
      <Filter>Assets\models</Filter>
    </None>
    <None Include="..\assets\models\Cube_1_Unit_from_origin_XYZ_n.ply">
      <Filter>Assets\models</Filter>
    </None>
    <None Include="..\assets\models\Sky_Pirate_Combined_xyz.ply">
      <Filter>Assets\models</Filter>
    </None>
    <None Include="..\assets\models\Sky_Pirate_Combined_xyz_n.ply">
      <Filter>Assets\models</Filter>
    </None>
    <None Include="..\assets\models\Sphere_Radius_1_XYZ_n.ply">
      <Filter>Assets\models</Filter>
    </None>
    <None Include="..\assets\models\Terrain_XYZ_n.ply">
      <Filter>Assets\models</Filter>
    </None>
    <None Include="..\assets\audios\effects\A man says don-t tell me- let me guess -southern accent- ol.mpeg">
      <Filter>Assets\audios</Filter>
    </None>
    <None Include="..\assets\audios\effects\A woman says chester- walk that dog -old woman- cartoon-_Ni.mpeg">
      <Filter>Assets\audios</Filter>
    </None>
    <None Include="..\assets\audios\effects\A woman says like nails on a blackboard -jewish accent- old.mpeg">
      <Filter>Assets\audios</Filter>
    </None>
    <None Include="..\assets\shaders\fragmentShader01.glsl">
      <Filter>Assets\shaders</Filter>
    </None>
    <None Include="..\assets\shaders\vertexShader01.glsl">
      <Filter>Assets\shaders</Filter>
    </None>
    <None Include="..\README.md" />
  </ItemGroup>
  <ItemGroup>
    <ClCompile Include="Source.cpp">
      <Filter>Source Files</Filter>
    </ClCompile>
    <ClCompile Include="glad.c">
      <Filter>Source Files</Filter>
    </ClCompile>
  </ItemGroup>
  <ItemGroup>
    <ClInclude Include="Callbacks.h">
      <Filter>Header Files</Filter>
    </ClInclude>
    <ClInclude Include="glad.h">
      <Filter>Header Files</Filter>
    </ClInclude>
  </ItemGroup>
</Project>